// !$*UTF8*$!
{
	archiveVersion = 1;
	classes = {
	};
	objectVersion = 50;
	objects = {

/* Begin PBXBuildFile section */
		336F825326B98EDD00AFFCEC /* SampleAppApp.swift in Sources */ = {isa = PBXBuildFile; fileRef = 336F825226B98EDD00AFFCEC /* SampleAppApp.swift */; };
		336F825526B98EDD00AFFCEC /* ContentView.swift in Sources */ = {isa = PBXBuildFile; fileRef = 336F825426B98EDD00AFFCEC /* ContentView.swift */; };
		336F825726B98EDF00AFFCEC /* Assets.xcassets in Resources */ = {isa = PBXBuildFile; fileRef = 336F825626B98EDF00AFFCEC /* Assets.xcassets */; };
		336F825A26B98EDF00AFFCEC /* Preview Assets.xcassets in Resources */ = {isa = PBXBuildFile; fileRef = 336F825926B98EDF00AFFCEC /* Preview Assets.xcassets */; };
		336F826626B98FCE00AFFCEC /* Assets.xcassets in Resources */ = {isa = PBXBuildFile; fileRef = 336F826526B98FCE00AFFCEC /* Assets.xcassets */; };
		336F826D26B98FCE00AFFCEC /* SampleWatchApp Extension.appex in Embed App Extensions */ = {isa = PBXBuildFile; fileRef = 336F826C26B98FCE00AFFCEC /* SampleWatchApp Extension.appex */; settings = {ATTRIBUTES = (RemoveHeadersOnCopy, ); }; };
		336F827226B98FCF00AFFCEC /* ContentView.swift in Sources */ = {isa = PBXBuildFile; fileRef = 336F827126B98FCE00AFFCEC /* ContentView.swift */; };
		336F827426B98FCF00AFFCEC /* SampleAppApp.swift in Sources */ = {isa = PBXBuildFile; fileRef = 336F827326B98FCF00AFFCEC /* SampleAppApp.swift */; };
		336F827626B98FCF00AFFCEC /* ComplicationController.swift in Sources */ = {isa = PBXBuildFile; fileRef = 336F827526B98FCF00AFFCEC /* ComplicationController.swift */; };
		336F827826B98FCF00AFFCEC /* Assets.xcassets in Resources */ = {isa = PBXBuildFile; fileRef = 336F827726B98FCF00AFFCEC /* Assets.xcassets */; };
		336F827B26B98FCF00AFFCEC /* Preview Assets.xcassets in Resources */ = {isa = PBXBuildFile; fileRef = 336F827A26B98FCF00AFFCEC /* Preview Assets.xcassets */; };
		336F827F26B98FCF00AFFCEC /* SampleWatchApp.app in Embed Watch Content */ = {isa = PBXBuildFile; fileRef = 336F826326B98FCD00AFFCEC /* SampleWatchApp.app */; settings = {ATTRIBUTES = (RemoveHeadersOnCopy, ); }; };
/* End PBXBuildFile section */

/* Begin PBXContainerItemProxy section */
		336F826E26B98FCE00AFFCEC /* PBXContainerItemProxy */ = {
			isa = PBXContainerItemProxy;
			containerPortal = 336F824726B98EDD00AFFCEC /* Project object */;
			proxyType = 1;
			remoteGlobalIDString = 336F826B26B98FCE00AFFCEC;
			remoteInfo = "SampleWatchApp Extension";
		};
		336F827D26B98FCF00AFFCEC /* PBXContainerItemProxy */ = {
			isa = PBXContainerItemProxy;
			containerPortal = 336F824726B98EDD00AFFCEC /* Project object */;
			proxyType = 1;
			remoteGlobalIDString = 336F826226B98FCD00AFFCEC;
			remoteInfo = SampleWatchApp;
		};
/* End PBXContainerItemProxy section */

/* Begin PBXCopyFilesBuildPhase section */
		336F828026B98FCF00AFFCEC /* Embed Watch Content */ = {
			isa = PBXCopyFilesBuildPhase;
			buildActionMask = 2147483647;
			dstPath = "$(CONTENTS_FOLDER_PATH)/Watch";
			dstSubfolderSpec = 16;
			files = (
				336F827F26B98FCF00AFFCEC /* SampleWatchApp.app in Embed Watch Content */,
			);
			name = "Embed Watch Content";
			runOnlyForDeploymentPostprocessing = 0;
		};
		336F828326B98FCF00AFFCEC /* Embed App Extensions */ = {
			isa = PBXCopyFilesBuildPhase;
			buildActionMask = 2147483647;
			dstPath = "";
			dstSubfolderSpec = 13;
			files = (
				336F826D26B98FCE00AFFCEC /* SampleWatchApp Extension.appex in Embed App Extensions */,
			);
			name = "Embed App Extensions";
			runOnlyForDeploymentPostprocessing = 0;
		};
/* End PBXCopyFilesBuildPhase section */

/* Begin PBXFileReference section */
		336F824F26B98EDD00AFFCEC /* SampleApp.app */ = {isa = PBXFileReference; explicitFileType = wrapper.application; includeInIndex = 0; path = SampleApp.app; sourceTree = BUILT_PRODUCTS_DIR; };
		336F825226B98EDD00AFFCEC /* SampleAppApp.swift */ = {isa = PBXFileReference; lastKnownFileType = sourcecode.swift; path = SampleAppApp.swift; sourceTree = "<group>"; };
		336F825426B98EDD00AFFCEC /* ContentView.swift */ = {isa = PBXFileReference; lastKnownFileType = sourcecode.swift; path = ContentView.swift; sourceTree = "<group>"; };
		336F825626B98EDF00AFFCEC /* Assets.xcassets */ = {isa = PBXFileReference; lastKnownFileType = folder.assetcatalog; path = Assets.xcassets; sourceTree = "<group>"; };
		336F825926B98EDF00AFFCEC /* Preview Assets.xcassets */ = {isa = PBXFileReference; lastKnownFileType = folder.assetcatalog; path = "Preview Assets.xcassets"; sourceTree = "<group>"; };
		336F825B26B98EDF00AFFCEC /* Info.plist */ = {isa = PBXFileReference; lastKnownFileType = text.plist.xml; path = Info.plist; sourceTree = "<group>"; };
		336F826326B98FCD00AFFCEC /* SampleWatchApp.app */ = {isa = PBXFileReference; explicitFileType = wrapper.application; includeInIndex = 0; path = SampleWatchApp.app; sourceTree = BUILT_PRODUCTS_DIR; };
		336F826526B98FCE00AFFCEC /* Assets.xcassets */ = {isa = PBXFileReference; lastKnownFileType = folder.assetcatalog; path = Assets.xcassets; sourceTree = "<group>"; };
		336F826726B98FCE00AFFCEC /* Info.plist */ = {isa = PBXFileReference; lastKnownFileType = text.plist.xml; path = Info.plist; sourceTree = "<group>"; };
		336F826C26B98FCE00AFFCEC /* SampleWatchApp Extension.appex */ = {isa = PBXFileReference; explicitFileType = "wrapper.app-extension"; includeInIndex = 0; path = "SampleWatchApp Extension.appex"; sourceTree = BUILT_PRODUCTS_DIR; };
		336F827126B98FCE00AFFCEC /* ContentView.swift */ = {isa = PBXFileReference; lastKnownFileType = sourcecode.swift; path = ContentView.swift; sourceTree = "<group>"; };
		336F827326B98FCF00AFFCEC /* SampleAppApp.swift */ = {isa = PBXFileReference; lastKnownFileType = sourcecode.swift; path = SampleAppApp.swift; sourceTree = "<group>"; };
		336F827526B98FCF00AFFCEC /* ComplicationController.swift */ = {isa = PBXFileReference; lastKnownFileType = sourcecode.swift; path = ComplicationController.swift; sourceTree = "<group>"; };
		336F827726B98FCF00AFFCEC /* Assets.xcassets */ = {isa = PBXFileReference; lastKnownFileType = folder.assetcatalog; path = Assets.xcassets; sourceTree = "<group>"; };
		336F827A26B98FCF00AFFCEC /* Preview Assets.xcassets */ = {isa = PBXFileReference; lastKnownFileType = folder.assetcatalog; path = "Preview Assets.xcassets"; sourceTree = "<group>"; };
		336F827C26B98FCF00AFFCEC /* Info.plist */ = {isa = PBXFileReference; lastKnownFileType = text.plist.xml; path = Info.plist; sourceTree = "<group>"; };
/* End PBXFileReference section */

/* Begin PBXFrameworksBuildPhase section */
		336F824C26B98EDD00AFFCEC /* Frameworks */ = {
			isa = PBXFrameworksBuildPhase;
			buildActionMask = 2147483647;
			files = (
			);
			runOnlyForDeploymentPostprocessing = 0;
		};
		336F826926B98FCE00AFFCEC /* Frameworks */ = {
			isa = PBXFrameworksBuildPhase;
			buildActionMask = 2147483647;
			files = (
			);
			runOnlyForDeploymentPostprocessing = 0;
		};
/* End PBXFrameworksBuildPhase section */

/* Begin PBXGroup section */
		336F824626B98EDD00AFFCEC = {
			isa = PBXGroup;
			children = (
				336F825126B98EDD00AFFCEC /* SampleApp */,
				336F826426B98FCD00AFFCEC /* SampleWatchApp */,
				336F827026B98FCE00AFFCEC /* SampleWatchApp Extension */,
				336F825026B98EDD00AFFCEC /* Products */,
			);
			sourceTree = "<group>";
		};
		336F825026B98EDD00AFFCEC /* Products */ = {
			isa = PBXGroup;
			children = (
				336F824F26B98EDD00AFFCEC /* SampleApp.app */,
				336F826326B98FCD00AFFCEC /* SampleWatchApp.app */,
				336F826C26B98FCE00AFFCEC /* SampleWatchApp Extension.appex */,
			);
			name = Products;
			sourceTree = "<group>";
		};
		336F825126B98EDD00AFFCEC /* SampleApp */ = {
			isa = PBXGroup;
			children = (
				336F825226B98EDD00AFFCEC /* SampleAppApp.swift */,
				336F825426B98EDD00AFFCEC /* ContentView.swift */,
				336F825626B98EDF00AFFCEC /* Assets.xcassets */,
				336F825B26B98EDF00AFFCEC /* Info.plist */,
				336F825826B98EDF00AFFCEC /* Preview Content */,
			);
			path = SampleApp;
			sourceTree = "<group>";
		};
		336F825826B98EDF00AFFCEC /* Preview Content */ = {
			isa = PBXGroup;
			children = (
				336F825926B98EDF00AFFCEC /* Preview Assets.xcassets */,
			);
			path = "Preview Content";
			sourceTree = "<group>";
		};
		336F826426B98FCD00AFFCEC /* SampleWatchApp */ = {
			isa = PBXGroup;
			children = (
				336F826526B98FCE00AFFCEC /* Assets.xcassets */,
				336F826726B98FCE00AFFCEC /* Info.plist */,
			);
			path = SampleWatchApp;
			sourceTree = "<group>";
		};
		336F827026B98FCE00AFFCEC /* SampleWatchApp Extension */ = {
			isa = PBXGroup;
			children = (
				336F827126B98FCE00AFFCEC /* ContentView.swift */,
				336F827326B98FCF00AFFCEC /* SampleAppApp.swift */,
				336F827526B98FCF00AFFCEC /* ComplicationController.swift */,
				336F827726B98FCF00AFFCEC /* Assets.xcassets */,
				336F827C26B98FCF00AFFCEC /* Info.plist */,
				336F827926B98FCF00AFFCEC /* Preview Content */,
			);
			path = "SampleWatchApp Extension";
			sourceTree = "<group>";
		};
		336F827926B98FCF00AFFCEC /* Preview Content */ = {
			isa = PBXGroup;
			children = (
				336F827A26B98FCF00AFFCEC /* Preview Assets.xcassets */,
			);
			path = "Preview Content";
			sourceTree = "<group>";
		};
/* End PBXGroup section */

/* Begin PBXNativeTarget section */
		336F824E26B98EDD00AFFCEC /* SampleApp */ = {
			isa = PBXNativeTarget;
			buildConfigurationList = 336F825E26B98EDF00AFFCEC /* Build configuration list for PBXNativeTarget "SampleApp" */;
			buildPhases = (
				336F824B26B98EDD00AFFCEC /* Sources */,
				336F824C26B98EDD00AFFCEC /* Frameworks */,
				336F824D26B98EDD00AFFCEC /* Resources */,
				336F828026B98FCF00AFFCEC /* Embed Watch Content */,
			);
			buildRules = (
			);
			dependencies = (
				336F827E26B98FCF00AFFCEC /* PBXTargetDependency */,
			);
			name = SampleApp;
			productName = SampleApp;
			productReference = 336F824F26B98EDD00AFFCEC /* SampleApp.app */;
			productType = "com.apple.product-type.application";
		};
		336F826226B98FCD00AFFCEC /* SampleWatchApp */ = {
			isa = PBXNativeTarget;
			buildConfigurationList = 336F828726B98FCF00AFFCEC /* Build configuration list for PBXNativeTarget "SampleWatchApp" */;
			buildPhases = (
				336F826126B98FCD00AFFCEC /* Resources */,
				336F828326B98FCF00AFFCEC /* Embed App Extensions */,
			);
			buildRules = (
			);
			dependencies = (
				336F826F26B98FCE00AFFCEC /* PBXTargetDependency */,
			);
			name = SampleWatchApp;
			productName = SampleWatchApp;
			productReference = 336F826326B98FCD00AFFCEC /* SampleWatchApp.app */;
			productType = "com.apple.product-type.application.watchapp2";
		};
		336F826B26B98FCE00AFFCEC /* SampleWatchApp Extension */ = {
			isa = PBXNativeTarget;
			buildConfigurationList = 336F828626B98FCF00AFFCEC /* Build configuration list for PBXNativeTarget "SampleWatchApp Extension" */;
			buildPhases = (
				336F826826B98FCE00AFFCEC /* Sources */,
				336F826926B98FCE00AFFCEC /* Frameworks */,
				336F826A26B98FCE00AFFCEC /* Resources */,
			);
			buildRules = (
			);
			dependencies = (
			);
			name = "SampleWatchApp Extension";
			productName = "SampleWatchApp Extension";
			productReference = 336F826C26B98FCE00AFFCEC /* SampleWatchApp Extension.appex */;
			productType = "com.apple.product-type.watchkit2-extension";
		};
/* End PBXNativeTarget section */

/* Begin PBXProject section */
		336F824726B98EDD00AFFCEC /* Project object */ = {
			isa = PBXProject;
			attributes = {
				LastSwiftUpdateCheck = 1250;
				LastUpgradeCheck = 1250;
				TargetAttributes = {
					336F824E26B98EDD00AFFCEC = {
						CreatedOnToolsVersion = 12.5.1;
					};
					336F826226B98FCD00AFFCEC = {
						CreatedOnToolsVersion = 12.5.1;
					};
					336F826B26B98FCE00AFFCEC = {
						CreatedOnToolsVersion = 12.5.1;
					};
				};
			};
			buildConfigurationList = 336F824A26B98EDD00AFFCEC /* Build configuration list for PBXProject "SampleApp" */;
			compatibilityVersion = "Xcode 9.3";
			developmentRegion = en;
			hasScannedForEncodings = 0;
			knownRegions = (
				en,
				Base,
			);
			mainGroup = 336F824626B98EDD00AFFCEC;
			productRefGroup = 336F825026B98EDD00AFFCEC /* Products */;
			projectDirPath = "";
			projectRoot = "";
			targets = (
				336F824E26B98EDD00AFFCEC /* SampleApp */,
				336F826226B98FCD00AFFCEC /* SampleWatchApp */,
				336F826B26B98FCE00AFFCEC /* SampleWatchApp Extension */,
			);
		};
/* End PBXProject section */

/* Begin PBXResourcesBuildPhase section */
		336F824D26B98EDD00AFFCEC /* Resources */ = {
			isa = PBXResourcesBuildPhase;
			buildActionMask = 2147483647;
			files = (
				336F825A26B98EDF00AFFCEC /* Preview Assets.xcassets in Resources */,
				336F825726B98EDF00AFFCEC /* Assets.xcassets in Resources */,
			);
			runOnlyForDeploymentPostprocessing = 0;
		};
		336F826126B98FCD00AFFCEC /* Resources */ = {
			isa = PBXResourcesBuildPhase;
			buildActionMask = 2147483647;
			files = (
				336F826626B98FCE00AFFCEC /* Assets.xcassets in Resources */,
			);
			runOnlyForDeploymentPostprocessing = 0;
		};
		336F826A26B98FCE00AFFCEC /* Resources */ = {
			isa = PBXResourcesBuildPhase;
			buildActionMask = 2147483647;
			files = (
				336F827B26B98FCF00AFFCEC /* Preview Assets.xcassets in Resources */,
				336F827826B98FCF00AFFCEC /* Assets.xcassets in Resources */,
			);
			runOnlyForDeploymentPostprocessing = 0;
		};
/* End PBXResourcesBuildPhase section */

/* Begin PBXSourcesBuildPhase section */
		336F824B26B98EDD00AFFCEC /* Sources */ = {
			isa = PBXSourcesBuildPhase;
			buildActionMask = 2147483647;
			files = (
				336F825526B98EDD00AFFCEC /* ContentView.swift in Sources */,
				336F825326B98EDD00AFFCEC /* SampleAppApp.swift in Sources */,
			);
			runOnlyForDeploymentPostprocessing = 0;
		};
		336F826826B98FCE00AFFCEC /* Sources */ = {
			isa = PBXSourcesBuildPhase;
			buildActionMask = 2147483647;
			files = (
				336F827226B98FCF00AFFCEC /* ContentView.swift in Sources */,
				336F827426B98FCF00AFFCEC /* SampleAppApp.swift in Sources */,
				336F827626B98FCF00AFFCEC /* ComplicationController.swift in Sources */,
			);
			runOnlyForDeploymentPostprocessing = 0;
		};
/* End PBXSourcesBuildPhase section */

/* Begin PBXTargetDependency section */
		336F826F26B98FCE00AFFCEC /* PBXTargetDependency */ = {
			isa = PBXTargetDependency;
			target = 336F826B26B98FCE00AFFCEC /* SampleWatchApp Extension */;
			targetProxy = 336F826E26B98FCE00AFFCEC /* PBXContainerItemProxy */;
		};
		336F827E26B98FCF00AFFCEC /* PBXTargetDependency */ = {
			isa = PBXTargetDependency;
			target = 336F826226B98FCD00AFFCEC /* SampleWatchApp */;
			targetProxy = 336F827D26B98FCF00AFFCEC /* PBXContainerItemProxy */;
		};
/* End PBXTargetDependency section */

/* Begin XCBuildConfiguration section */
		336F825C26B98EDF00AFFCEC /* Debug */ = {
			isa = XCBuildConfiguration;
			buildSettings = {
				ALWAYS_SEARCH_USER_PATHS = NO;
				CLANG_ANALYZER_NONNULL = YES;
				CLANG_ANALYZER_NUMBER_OBJECT_CONVERSION = YES_AGGRESSIVE;
				CLANG_CXX_LANGUAGE_STANDARD = "gnu++14";
				CLANG_CXX_LIBRARY = "libc++";
				CLANG_ENABLE_MODULES = YES;
				CLANG_ENABLE_OBJC_ARC = YES;
				CLANG_ENABLE_OBJC_WEAK = YES;
				CLANG_WARN_BLOCK_CAPTURE_AUTORELEASING = YES;
				CLANG_WARN_BOOL_CONVERSION = YES;
				CLANG_WARN_COMMA = YES;
				CLANG_WARN_CONSTANT_CONVERSION = YES;
				CLANG_WARN_DEPRECATED_OBJC_IMPLEMENTATIONS = YES;
				CLANG_WARN_DIRECT_OBJC_ISA_USAGE = YES_ERROR;
				CLANG_WARN_DOCUMENTATION_COMMENTS = YES;
				CLANG_WARN_EMPTY_BODY = YES;
				CLANG_WARN_ENUM_CONVERSION = YES;
				CLANG_WARN_INFINITE_RECURSION = YES;
				CLANG_WARN_INT_CONVERSION = YES;
				CLANG_WARN_NON_LITERAL_NULL_CONVERSION = YES;
				CLANG_WARN_OBJC_IMPLICIT_RETAIN_SELF = YES;
				CLANG_WARN_OBJC_LITERAL_CONVERSION = YES;
				CLANG_WARN_OBJC_ROOT_CLASS = YES_ERROR;
				CLANG_WARN_QUOTED_INCLUDE_IN_FRAMEWORK_HEADER = YES;
				CLANG_WARN_RANGE_LOOP_ANALYSIS = YES;
				CLANG_WARN_STRICT_PROTOTYPES = YES;
				CLANG_WARN_SUSPICIOUS_MOVE = YES;
				CLANG_WARN_UNGUARDED_AVAILABILITY = YES_AGGRESSIVE;
				CLANG_WARN_UNREACHABLE_CODE = YES;
				CLANG_WARN__DUPLICATE_METHOD_MATCH = YES;
				COPY_PHASE_STRIP = NO;
				DEBUG_INFORMATION_FORMAT = dwarf;
				ENABLE_STRICT_OBJC_MSGSEND = YES;
				ENABLE_TESTABILITY = YES;
				GCC_C_LANGUAGE_STANDARD = gnu11;
				GCC_DYNAMIC_NO_PIC = NO;
				GCC_NO_COMMON_BLOCKS = YES;
				GCC_OPTIMIZATION_LEVEL = 0;
				GCC_PREPROCESSOR_DEFINITIONS = (
					"DEBUG=1",
					"$(inherited)",
				);
				GCC_WARN_64_TO_32_BIT_CONVERSION = YES;
				GCC_WARN_ABOUT_RETURN_TYPE = YES_ERROR;
				GCC_WARN_UNDECLARED_SELECTOR = YES;
				GCC_WARN_UNINITIALIZED_AUTOS = YES_AGGRESSIVE;
				GCC_WARN_UNUSED_FUNCTION = YES;
				GCC_WARN_UNUSED_VARIABLE = YES;
				IPHONEOS_DEPLOYMENT_TARGET = 14.5;
				MTL_ENABLE_DEBUG_INFO = INCLUDE_SOURCE;
				MTL_FAST_MATH = YES;
				ONLY_ACTIVE_ARCH = YES;
				SDKROOT = iphoneos;
				SWIFT_ACTIVE_COMPILATION_CONDITIONS = DEBUG;
				SWIFT_OPTIMIZATION_LEVEL = "-Onone";
			};
			name = Debug;
		};
		336F825D26B98EDF00AFFCEC /* Release */ = {
			isa = XCBuildConfiguration;
			buildSettings = {
				ALWAYS_SEARCH_USER_PATHS = NO;
				CLANG_ANALYZER_NONNULL = YES;
				CLANG_ANALYZER_NUMBER_OBJECT_CONVERSION = YES_AGGRESSIVE;
				CLANG_CXX_LANGUAGE_STANDARD = "gnu++14";
				CLANG_CXX_LIBRARY = "libc++";
				CLANG_ENABLE_MODULES = YES;
				CLANG_ENABLE_OBJC_ARC = YES;
				CLANG_ENABLE_OBJC_WEAK = YES;
				CLANG_WARN_BLOCK_CAPTURE_AUTORELEASING = YES;
				CLANG_WARN_BOOL_CONVERSION = YES;
				CLANG_WARN_COMMA = YES;
				CLANG_WARN_CONSTANT_CONVERSION = YES;
				CLANG_WARN_DEPRECATED_OBJC_IMPLEMENTATIONS = YES;
				CLANG_WARN_DIRECT_OBJC_ISA_USAGE = YES_ERROR;
				CLANG_WARN_DOCUMENTATION_COMMENTS = YES;
				CLANG_WARN_EMPTY_BODY = YES;
				CLANG_WARN_ENUM_CONVERSION = YES;
				CLANG_WARN_INFINITE_RECURSION = YES;
				CLANG_WARN_INT_CONVERSION = YES;
				CLANG_WARN_NON_LITERAL_NULL_CONVERSION = YES;
				CLANG_WARN_OBJC_IMPLICIT_RETAIN_SELF = YES;
				CLANG_WARN_OBJC_LITERAL_CONVERSION = YES;
				CLANG_WARN_OBJC_ROOT_CLASS = YES_ERROR;
				CLANG_WARN_QUOTED_INCLUDE_IN_FRAMEWORK_HEADER = YES;
				CLANG_WARN_RANGE_LOOP_ANALYSIS = YES;
				CLANG_WARN_STRICT_PROTOTYPES = YES;
				CLANG_WARN_SUSPICIOUS_MOVE = YES;
				CLANG_WARN_UNGUARDED_AVAILABILITY = YES_AGGRESSIVE;
				CLANG_WARN_UNREACHABLE_CODE = YES;
				CLANG_WARN__DUPLICATE_METHOD_MATCH = YES;
				COPY_PHASE_STRIP = NO;
				DEBUG_INFORMATION_FORMAT = "dwarf-with-dsym";
				ENABLE_NS_ASSERTIONS = NO;
				ENABLE_STRICT_OBJC_MSGSEND = YES;
				GCC_C_LANGUAGE_STANDARD = gnu11;
				GCC_NO_COMMON_BLOCKS = YES;
				GCC_WARN_64_TO_32_BIT_CONVERSION = YES;
				GCC_WARN_ABOUT_RETURN_TYPE = YES_ERROR;
				GCC_WARN_UNDECLARED_SELECTOR = YES;
				GCC_WARN_UNINITIALIZED_AUTOS = YES_AGGRESSIVE;
				GCC_WARN_UNUSED_FUNCTION = YES;
				GCC_WARN_UNUSED_VARIABLE = YES;
				IPHONEOS_DEPLOYMENT_TARGET = 14.5;
				MTL_ENABLE_DEBUG_INFO = NO;
				MTL_FAST_MATH = YES;
				SDKROOT = iphoneos;
				SWIFT_COMPILATION_MODE = wholemodule;
				SWIFT_OPTIMIZATION_LEVEL = "-O";
				VALIDATE_PRODUCT = YES;
			};
			name = Release;
		};
		336F825F26B98EDF00AFFCEC /* Debug */ = {
			isa = XCBuildConfiguration;
			buildSettings = {
				ASSETCATALOG_COMPILER_APPICON_NAME = AppIcon;
				ASSETCATALOG_COMPILER_GLOBAL_ACCENT_COLOR_NAME = AccentColor;
				CODE_SIGN_STYLE = Automatic;
				DEVELOPMENT_ASSET_PATHS = "\"SampleApp/Preview Content\"";
				ENABLE_PREVIEWS = YES;
				INFOPLIST_FILE = SampleApp/Info.plist;
				IPHONEOS_DEPLOYMENT_TARGET = 14.0;
				LD_RUNPATH_SEARCH_PATHS = (
					"$(inherited)",
					"@executable_path/Frameworks",
				);
				PRODUCT_BUNDLE_IDENTIFIER = com.christianwollny.SampleApp;
				PRODUCT_NAME = "$(TARGET_NAME)";
				SWIFT_VERSION = 5.0;
				TARGETED_DEVICE_FAMILY = "1,2";
			};
			name = Debug;
		};
		336F826026B98EDF00AFFCEC /* Release */ = {
			isa = XCBuildConfiguration;
			buildSettings = {
				ASSETCATALOG_COMPILER_APPICON_NAME = AppIcon;
				ASSETCATALOG_COMPILER_GLOBAL_ACCENT_COLOR_NAME = AccentColor;
				CODE_SIGN_STYLE = Automatic;
				DEVELOPMENT_ASSET_PATHS = "\"SampleApp/Preview Content\"";
				ENABLE_PREVIEWS = YES;
				INFOPLIST_FILE = SampleApp/Info.plist;
				IPHONEOS_DEPLOYMENT_TARGET = 14.0;
				LD_RUNPATH_SEARCH_PATHS = (
					"$(inherited)",
					"@executable_path/Frameworks",
				);
				PRODUCT_BUNDLE_IDENTIFIER = com.christianwollny.SampleApp;
				PRODUCT_NAME = "$(TARGET_NAME)";
				SWIFT_VERSION = 5.0;
				TARGETED_DEVICE_FAMILY = "1,2";
			};
			name = Release;
		};
		336F828126B98FCF00AFFCEC /* Debug */ = {
			isa = XCBuildConfiguration;
			buildSettings = {
				ALWAYS_EMBED_SWIFT_STANDARD_LIBRARIES = YES;
				ASSETCATALOG_COMPILER_APPICON_NAME = AppIcon;
				ASSETCATALOG_COMPILER_GLOBAL_ACCENT_COLOR_NAME = AccentColor;
				CODE_SIGN_STYLE = Automatic;
				ENABLE_BITCODE = YES;
				IBSC_MODULE = SampleWatchApp_Extension;
				INFOPLIST_FILE = SampleWatchApp/Info.plist;
				PRODUCT_BUNDLE_IDENTIFIER = com.christianwollny.SampleApp.watchkitapp;
				PRODUCT_NAME = "$(TARGET_NAME)";
				SDKROOT = watchos;
				SKIP_INSTALL = YES;
				SWIFT_VERSION = 5.0;
				TARGETED_DEVICE_FAMILY = 4;
				WATCHOS_DEPLOYMENT_TARGET = 7.4;
			};
			name = Debug;
		};
		336F828226B98FCF00AFFCEC /* Release */ = {
			isa = XCBuildConfiguration;
			buildSettings = {
				ALWAYS_EMBED_SWIFT_STANDARD_LIBRARIES = YES;
				ASSETCATALOG_COMPILER_APPICON_NAME = AppIcon;
				ASSETCATALOG_COMPILER_GLOBAL_ACCENT_COLOR_NAME = AccentColor;
				CODE_SIGN_STYLE = Automatic;
				ENABLE_BITCODE = YES;
				IBSC_MODULE = SampleWatchApp_Extension;
				INFOPLIST_FILE = SampleWatchApp/Info.plist;
				PRODUCT_BUNDLE_IDENTIFIER = com.christianwollny.SampleApp.watchkitapp;
				PRODUCT_NAME = "$(TARGET_NAME)";
				SDKROOT = watchos;
				SKIP_INSTALL = YES;
				SWIFT_VERSION = 5.0;
				TARGETED_DEVICE_FAMILY = 4;
				WATCHOS_DEPLOYMENT_TARGET = 7.4;
			};
			name = Release;
		};
		336F828426B98FCF00AFFCEC /* Debug */ = {
			isa = XCBuildConfiguration;
			buildSettings = {
				ASSETCATALOG_COMPILER_COMPLICATION_NAME = Complication;
				CODE_SIGN_STYLE = Automatic;
				DEVELOPMENT_ASSET_PATHS = "\"SampleWatchApp Extension/Preview Content\"";
				ENABLE_BITCODE = YES;
				ENABLE_PREVIEWS = YES;
				INFOPLIST_FILE = "SampleWatchApp Extension/Info.plist";
				LD_RUNPATH_SEARCH_PATHS = (
					"$(inherited)",
					"@executable_path/Frameworks",
					"@executable_path/../../Frameworks",
				);
				PRODUCT_BUNDLE_IDENTIFIER = com.christianwollny.SampleApp.watchkitapp.watchkitextension;
				PRODUCT_NAME = "${TARGET_NAME}";
				SDKROOT = watchos;
				SKIP_INSTALL = YES;
				SWIFT_VERSION = 5.0;
				TARGETED_DEVICE_FAMILY = 4;
				WATCHOS_DEPLOYMENT_TARGET = 7.4;
			};
			name = Debug;
		};
		336F828526B98FCF00AFFCEC /* Release */ = {
			isa = XCBuildConfiguration;
			buildSettings = {
				ASSETCATALOG_COMPILER_COMPLICATION_NAME = Complication;
				CODE_SIGN_STYLE = Automatic;
				DEVELOPMENT_ASSET_PATHS = "\"SampleWatchApp Extension/Preview Content\"";
				ENABLE_BITCODE = YES;
				ENABLE_PREVIEWS = YES;
				INFOPLIST_FILE = "SampleWatchApp Extension/Info.plist";
				LD_RUNPATH_SEARCH_PATHS = (
					"$(inherited)",
					"@executable_path/Frameworks",
					"@executable_path/../../Frameworks",
				);
				PRODUCT_BUNDLE_IDENTIFIER = com.christianwollny.SampleApp.watchkitapp.watchkitextension;
				PRODUCT_NAME = "${TARGET_NAME}";
				SDKROOT = watchos;
				SKIP_INSTALL = YES;
				SWIFT_VERSION = 5.0;
				TARGETED_DEVICE_FAMILY = 4;
				WATCHOS_DEPLOYMENT_TARGET = 7.4;
			};
			name = Release;
		};
/* End XCBuildConfiguration section */

/* Begin XCConfigurationList section */
		336F824A26B98EDD00AFFCEC /* Build configuration list for PBXProject "SampleApp" */ = {
			isa = XCConfigurationList;
			buildConfigurations = (
				336F825C26B98EDF00AFFCEC /* Debug */,
				336F825D26B98EDF00AFFCEC /* Release */,
			);
			defaultConfigurationIsVisible = 0;
			defaultConfigurationName = Release;
		};
		336F825E26B98EDF00AFFCEC /* Build configuration list for PBXNativeTarget "SampleApp" */ = {
			isa = XCConfigurationList;
			buildConfigurations = (
				336F825F26B98EDF00AFFCEC /* Debug */,
				336F826026B98EDF00AFFCEC /* Release */,
			);
			defaultConfigurationIsVisible = 0;
			defaultConfigurationName = Release;
		};
		336F828626B98FCF00AFFCEC /* Build configuration list for PBXNativeTarget "SampleWatchApp Extension" */ = {
			isa = XCConfigurationList;
			buildConfigurations = (
				336F828426B98FCF00AFFCEC /* Debug */,
				336F828526B98FCF00AFFCEC /* Release */,
			);
			defaultConfigurationIsVisible = 0;
			defaultConfigurationName = Release;
		};
		336F828726B98FCF00AFFCEC /* Build configuration list for PBXNativeTarget "SampleWatchApp" */ = {
			isa = XCConfigurationList;
			buildConfigurations = (
				336F828126B98FCF00AFFCEC /* Debug */,
				336F828226B98FCF00AFFCEC /* Release */,
			);
			defaultConfigurationIsVisible = 0;
			defaultConfigurationName = Release;
		};
/* End XCConfigurationList section */
	};
	rootObject = 336F824726B98EDD00AFFCEC /* Project object */;
}
